# THIS IS AN AUTOGENERATED FILE. DO NOT EDIT THIS FILE DIRECTLY.
# yarn lockfile v1


"@babel/helper-validator-identifier@^7.10.4":
  version "7.10.4"
  resolved "https://registry.yarnpkg.com/@babel/helper-validator-identifier/-/helper-validator-identifier-7.10.4.tgz#a78c7a7251e01f616512d31b10adcf52ada5e0d2"
  integrity sha512-3U9y+43hz7ZM+rzG24Qe2mufW5KhvFg/NhnNph+i9mgCtdTCtMJuI1TMkrIUiK7Ix4PYlRF9I5dhqaLYA/ADXw==

"@babel/parser@^7.10.4":
  version "7.10.5"
  resolved "https://registry.yarnpkg.com/@babel/parser/-/parser-7.10.5.tgz#e7c6bf5a7deff957cec9f04b551e2762909d826b"
  integrity sha512-wfryxy4bE1UivvQKSQDU4/X6dr+i8bctjUjj8Zyt3DQy7NtPizJXT8M52nqpNKL+nq2PW8lxk4ZqLj0fD4B4hQ==

"@babel/types@^7.10.4":
  version "7.10.5"
  resolved "https://registry.yarnpkg.com/@babel/types/-/types-7.10.5.tgz#d88ae7e2fde86bfbfe851d4d81afa70a997b5d15"
  integrity sha512-ixV66KWfCI6GKoA/2H9v6bQdbfXEwwpOdQ8cRvb4F+eyvhlaHxWFMQB4+3d9QFJXZsiiiqVrewNV0DFEQpyT4Q==
  dependencies:
    "@babel/helper-validator-identifier" "^7.10.4"
    lodash "^4.17.19"
    to-fast-properties "^2.0.0"

"@esbuild/linux-loong64@0.14.54":
  version "0.14.54"
  resolved "https://registry.yarnpkg.com/@esbuild/linux-loong64/-/linux-loong64-0.14.54.tgz#de2a4be678bd4d0d1ffbb86e6de779cde5999028"
  integrity sha512-bZBrLAIX1kpWelV0XemxBZllyRmM6vgFQQG2GdNb+r3Fkp0FOh1NJSvekXDs7jq70k4euu1cryLMfU+mTXlEpw==

"@pixi/accessibility@5.3.2":
  version "5.3.2"
  resolved "https://registry.yarnpkg.com/@pixi/accessibility/-/accessibility-5.3.2.tgz#d722095128e5a4ae794ef2d9c833afeda087067b"
  integrity sha512-L56/Yr/gXyjs5Pgww6djg+nzBcMhi0ywmdXVZ2NEvlIk8spZwZHp9xb3t1xQvl7nXkIcdEvwBDBtgAPrwPJTRg==
  dependencies:
    "@pixi/core" "5.3.2"
    "@pixi/display" "5.3.2"
    "@pixi/utils" "5.3.2"

"@pixi/app@5.3.2":
  version "5.3.2"
  resolved "https://registry.yarnpkg.com/@pixi/app/-/app-5.3.2.tgz#f5bce8ab70095c6b35966c0566ded174a8f5551c"
  integrity sha512-jsLVe01q0QvxWv1dJql1lgl+vMqVb5YCbgxlbGHKkV3hYGmWaOd1fd31U+IMfiLgy5CgrRyoORjGuUf+HhYP3g==
  dependencies:
    "@pixi/core" "5.3.2"
    "@pixi/display" "5.3.2"

"@pixi/constants@5.3.2":
  version "5.3.2"
  resolved "https://registry.yarnpkg.com/@pixi/constants/-/constants-5.3.2.tgz#c2c3b15337f11c3ec14fb4892ac09b69dcb89c30"
  integrity sha512-wJGPCNHF8LyWIStUujLlEg63Gkt7NzOO7E3O0jWYuikmYvBzi4dYWTGg9Ws9OULPwSbM9/Cu9l1zjJUWMCytYg==

"@pixi/core@5.3.2":
  version "5.3.2"
  resolved "https://registry.yarnpkg.com/@pixi/core/-/core-5.3.2.tgz#5e0728f020b4879141ffc9399032ad47f9c6dcde"
  integrity sha512-BMd8gag7bcXWASfAkMER9lP43/5jVrjM+DhnqKv/KBK/G4wtSr+LJZJqBcNr6tox3Lquh8P5oGtVu0tAuHOXHA==
  dependencies:
    "@pixi/constants" "5.3.2"
    "@pixi/math" "5.3.2"
    "@pixi/runner" "5.3.2"
    "@pixi/settings" "5.3.2"
    "@pixi/ticker" "5.3.2"
    "@pixi/utils" "5.3.2"

"@pixi/display@5.3.2":
  version "5.3.2"
  resolved "https://registry.yarnpkg.com/@pixi/display/-/display-5.3.2.tgz#3e7e2bfbf63ec749631dbcb1e6ee5bbe1139fda8"
  integrity sha512-a/VnecfB6Pt9shOuZ19cUBO+6+esG/DUGacwHdkO9czue1h8kmD01vrXai6vXwVGj8bmGi/Pm8Zq7tSLO/hWLw==
  dependencies:
    "@pixi/math" "5.3.2"
    "@pixi/settings" "5.3.2"
    "@pixi/utils" "5.3.2"

"@pixi/extract@5.3.2":
  version "5.3.2"
  resolved "https://registry.yarnpkg.com/@pixi/extract/-/extract-5.3.2.tgz#70182495183d6af60d977ff5eefcfb36b3157b5d"
  integrity sha512-JPjOQ0eSfugiOdXmR7lPt1w2JdgBYzzdKqnAG5j2kWnfi7UDViyUKWbLRlns6POhyK4Qmw7Iulqy0M71HCzYxw==
  dependencies:
    "@pixi/core" "5.3.2"
    "@pixi/math" "5.3.2"
    "@pixi/utils" "5.3.2"

"@pixi/filter-alpha@5.3.2":
  version "5.3.2"
  resolved "https://registry.yarnpkg.com/@pixi/filter-alpha/-/filter-alpha-5.3.2.tgz#bc7c759a8e28cd164c166dd6df2add14abed0e42"
  integrity sha512-TzLvngPA6jUXQ071GJzC6Pz37tBxuBgzhdw+lUqrVuf0AdSbz3tXrb9+rPmTI4F1JtYPI8SaTwwOmPhiZ0BAqw==
  dependencies:
    "@pixi/core" "5.3.2"

"@pixi/filter-blur@5.3.2":
  version "5.3.2"
  resolved "https://registry.yarnpkg.com/@pixi/filter-blur/-/filter-blur-5.3.2.tgz#f851391e15f0a663af699b24d9a0e29fe3ad0fc1"
  integrity sha512-Lzb2TMAPA1ODoRbQOrb7R0TJDy+dEC9rZo44/xbR4zfk7Ewu0LWpSumKcsLnZcB31oc/fwhdaJK00qqdaGwelQ==
  dependencies:
    "@pixi/core" "5.3.2"
    "@pixi/settings" "5.3.2"

"@pixi/filter-color-matrix@5.3.2":
  version "5.3.2"
  resolved "https://registry.yarnpkg.com/@pixi/filter-color-matrix/-/filter-color-matrix-5.3.2.tgz#085bfc144a598e6d4d39193484bf37ae0d3596a4"
  integrity sha512-dESNx44C/27IXfkIYQnxfgQbqlWrhVkaM9lprYQH8Ou57QE+uoJ4dwrYaUCanVVjRSHbDNg8uXxZozjFb9NkLw==
  dependencies:
    "@pixi/core" "5.3.2"

"@pixi/filter-displacement@5.3.2":
  version "5.3.2"
  resolved "https://registry.yarnpkg.com/@pixi/filter-displacement/-/filter-displacement-5.3.2.tgz#09f11ae5f88a306fc9f32f0dc6260604dab82d0d"
  integrity sha512-mo6N/99dgfkDKcHo2K2Kck/DOel1YWiTd6vdI0WZ7iJbBHAf8exU3dUnePjM+Z3Xj05W7YzL9S2nHupPuTC1bA==
  dependencies:
    "@pixi/core" "5.3.2"
    "@pixi/math" "5.3.2"

"@pixi/filter-fxaa@5.3.2":
  version "5.3.2"
  resolved "https://registry.yarnpkg.com/@pixi/filter-fxaa/-/filter-fxaa-5.3.2.tgz#d1307872972a750c20ba100517faefc072c6568b"
  integrity sha512-uZTi402jTgj01QiKNZ+kTuoFzu7qn4fXmKVlMBHA493TUE7l+8ffPjdsIdJXZL6QQ5s9PAJ9Coaxl9cM/1oDOA==
  dependencies:
    "@pixi/core" "5.3.2"

"@pixi/filter-noise@5.3.2":
  version "5.3.2"
  resolved "https://registry.yarnpkg.com/@pixi/filter-noise/-/filter-noise-5.3.2.tgz#f1dcd72686a51b662cb556f47c90fdbfca68c65b"
  integrity sha512-DmbggbTuo6Sa/HTA3JxezgW32UsZYvTnp2pcM7Nf3EqebD0+ahpVK6CtiZM9js7NMtUttfJgOCGYy8AZ6SjDfg==
  dependencies:
    "@pixi/core" "5.3.2"

"@pixi/graphics@5.3.2":
  version "5.3.2"
  resolved "https://registry.yarnpkg.com/@pixi/graphics/-/graphics-5.3.2.tgz#c18e55658a4189b5f761faa43de399800615bc73"
  integrity sha512-K3F8qVDHqnK7X1WoP87h8QtK7nLi5EiJA044L0nObho1PUSbVi6mzJqBBWtcFnGraHGT5IgbFEDB3PXnXnY4mA==
  dependencies:
    "@pixi/constants" "5.3.2"
    "@pixi/core" "5.3.2"
    "@pixi/display" "5.3.2"
    "@pixi/math" "5.3.2"
    "@pixi/sprite" "5.3.2"
    "@pixi/utils" "5.3.2"

"@pixi/interaction@5.3.2":
  version "5.3.2"
  resolved "https://registry.yarnpkg.com/@pixi/interaction/-/interaction-5.3.2.tgz#a8f2857fdce76ff8aabd9bf7d466b148f933335a"
  integrity sha512-fOFfNQUBJ0vCRq5dmrunIt3W63QnP3z8qvILnDNX2oP8SotCEtTuZreHeGKEVBQhrMCi5hoJgDCA9R8ca2o6AQ==
  dependencies:
    "@pixi/core" "5.3.2"
    "@pixi/display" "5.3.2"
    "@pixi/math" "5.3.2"
    "@pixi/ticker" "5.3.2"
    "@pixi/utils" "5.3.2"

"@pixi/loaders@5.3.2":
  version "5.3.2"
  resolved "https://registry.yarnpkg.com/@pixi/loaders/-/loaders-5.3.2.tgz#dadb5c5c9f5a0ee1c6ffe88fd6c5a5840a453490"
  integrity sha512-w8wBdI587g7SLIAXNtncEAZxgohekGrP9rS44q1aotfo1ongiftTy77lYLWGSpYfyyWXcY+v6R1Qc40buNrGVA==
  dependencies:
    "@pixi/core" "5.3.2"
    "@pixi/utils" "5.3.2"
    resource-loader "^3.0.1"

"@pixi/math@5.3.2":
  version "5.3.2"
  resolved "https://registry.yarnpkg.com/@pixi/math/-/math-5.3.2.tgz#a5f3b4f598794752e4783b1c1880f8fbbb305f57"
  integrity sha512-vddmG9pn6sfTs2V5BLn/1Jvk+6jReaHNdxZG5HzgvEMvFTTBB8VbfMg+Lg1GocWt198nnoq8NyP7O+PaqQPlig==

"@pixi/mesh-extras@5.3.2":
  version "5.3.2"
  resolved "https://registry.yarnpkg.com/@pixi/mesh-extras/-/mesh-extras-5.3.2.tgz#3e73fdd789ade7fc63d6b0ecaf027fdebf23c920"
  integrity sha512-K3JSGA9vvSMFBB68hvmYolf9tg5ZFc3cVDODGdz5c+aoC5hR8neJeCRtJCbZ820vLM/hknaqz0nOAG8aJAm5yQ==
  dependencies:
    "@pixi/constants" "5.3.2"
    "@pixi/core" "5.3.2"
    "@pixi/math" "5.3.2"
    "@pixi/mesh" "5.3.2"
    "@pixi/utils" "5.3.2"

"@pixi/mesh@5.3.2":
  version "5.3.2"
  resolved "https://registry.yarnpkg.com/@pixi/mesh/-/mesh-5.3.2.tgz#1a113df8cae269d6b6d1841053dd7afad5de5bc6"
  integrity sha512-tz4FaaxCYTidOjobGEIBoNiHCeHt9G8T9j0hJqCO4HmYWEu22eMwrrudv0Q8lEJYT743AJEk8XFn4v8wWrEFQA==
  dependencies:
    "@pixi/constants" "5.3.2"
    "@pixi/core" "5.3.2"
    "@pixi/display" "5.3.2"
    "@pixi/math" "5.3.2"
    "@pixi/settings" "5.3.2"
    "@pixi/utils" "5.3.2"

"@pixi/mixin-cache-as-bitmap@5.3.2":
  version "5.3.2"
  resolved "https://registry.yarnpkg.com/@pixi/mixin-cache-as-bitmap/-/mixin-cache-as-bitmap-5.3.2.tgz#6d21d156dcfc495f7f03ff849709ddbaffca0603"
  integrity sha512-MST8irfUjFbbFLzCqkUbLcBusI24iQE2Wbu/nx3RNJ5Fd7b661YCYqFM6TZ/y4LHqmEKcWrPK/6PAAicX9Teeg==
  dependencies:
    "@pixi/core" "5.3.2"
    "@pixi/display" "5.3.2"
    "@pixi/math" "5.3.2"
    "@pixi/settings" "5.3.2"
    "@pixi/sprite" "5.3.2"
    "@pixi/utils" "5.3.2"

"@pixi/mixin-get-child-by-name@5.3.2":
  version "5.3.2"
  resolved "https://registry.yarnpkg.com/@pixi/mixin-get-child-by-name/-/mixin-get-child-by-name-5.3.2.tgz#1556774e8cde29a3d68e5a8a17624d89c371dd40"
  integrity sha512-i21BtVtYu71nKMShfRnCf1VXaPCAGV2Cm203lp3SxkVyFvyHl4ex1bpzhKK0la4X7UK6gQIV8XHUAGqT4mzAiw==
  dependencies:
    "@pixi/display" "5.3.2"

"@pixi/mixin-get-global-position@5.3.2":
  version "5.3.2"
  resolved "https://registry.yarnpkg.com/@pixi/mixin-get-global-position/-/mixin-get-global-position-5.3.2.tgz#481bf9c099a538382ef6b4cc801380e0ef5a0ac0"
  integrity sha512-IhdjMiGlYwabYpYs5GpOVKUCWYiz1ejK2Cj8Sddjzgb5T1puSOwvxnziolZeLodfshw+NX7FINeHwx6bbUV3cA==
  dependencies:
    "@pixi/display" "5.3.2"
    "@pixi/math" "5.3.2"

"@pixi/particles@5.3.2":
  version "5.3.2"
  resolved "https://registry.yarnpkg.com/@pixi/particles/-/particles-5.3.2.tgz#0b7956cbf07517b625404fb19efecdfd0f4001b1"
  integrity sha512-RiFJ7ORTGIVHdboXUEJCLP1sS7lmTumv7QJBj5xYxM/RwRb0d2SrU+U3XcfNCXC3VVk48EiDBo4DdfQR1oPYLA==
  dependencies:
    "@pixi/constants" "5.3.2"
    "@pixi/core" "5.3.2"
    "@pixi/display" "5.3.2"
    "@pixi/math" "5.3.2"
    "@pixi/utils" "5.3.2"

"@pixi/polyfill@5.3.2":
  version "5.3.2"
  resolved "https://registry.yarnpkg.com/@pixi/polyfill/-/polyfill-5.3.2.tgz#2fb6f1ec218403d0727d19bab22c3d6df7ddaba8"
  integrity sha512-KXRlW1KEPfbxdrgxggFblSu7Nm7BTm9AH9kIO4+zGcyFsX1fVuq/PMlX60oekZTeJkpGlrJqQ219dW4kgG4spg==
  dependencies:
    es6-promise-polyfill "^1.2.0"
    object-assign "^4.1.1"

"@pixi/prepare@5.3.2":
  version "5.3.2"
  resolved "https://registry.yarnpkg.com/@pixi/prepare/-/prepare-5.3.2.tgz#328a09da3c9f124ca2779c51cf99e026dd29b064"
  integrity sha512-ffNLm3zVWDd2YCvJcKgCLgi1xokMXqkUUhBzoulIS3BRiHuda9RE0gDzVP3twj9jPx6HZmewSu2Qp7m8L6TfcA==
  dependencies:
    "@pixi/core" "5.3.2"
    "@pixi/display" "5.3.2"
    "@pixi/graphics" "5.3.2"
    "@pixi/settings" "5.3.2"
    "@pixi/text" "5.3.2"
    "@pixi/ticker" "5.3.2"

"@pixi/runner@5.3.2":
  version "5.3.2"
  resolved "https://registry.yarnpkg.com/@pixi/runner/-/runner-5.3.2.tgz#d6243d0913cb2396f61757d0bc3eae7c7313ccc4"
  integrity sha512-otRRrob5ooExmvEI2m1WtIpPuAqaN2a2qofyVI9LOKqWIbzgdG4URQI3LmpUHOxyHZLPCJxxBEf+rf8Yxn/xnQ==

"@pixi/settings@5.3.2":
  version "5.3.2"
  resolved "https://registry.yarnpkg.com/@pixi/settings/-/settings-5.3.2.tgz#a6f8c3ecf81bd3acf3952cba18ccbea436f83a0c"
  integrity sha512-XuLyLBtvDu7UspzI9PmMtyfTh8F7pihC9NLaVv2VV8wyAeLO7wdjZN8JrIMiuqibzd7bJ93yoK1Xz0CsGfKz9g==
  dependencies:
    ismobilejs "^1.1.0"

"@pixi/sprite-animated@5.3.2":
  version "5.3.2"
  resolved "https://registry.yarnpkg.com/@pixi/sprite-animated/-/sprite-animated-5.3.2.tgz#39765684eec5738114e198cc3453a294389c956d"
  integrity sha512-TO+Vi2KAL5EAUygmxjV6vKImCV6FTMNErC44/3VCzHSylW/ZBChk0zuImQOG8qB0+gFcSSWRZEIhP34hS6dMhQ==
  dependencies:
    "@pixi/core" "5.3.2"
    "@pixi/sprite" "5.3.2"
    "@pixi/ticker" "5.3.2"

"@pixi/sprite-tiling@5.3.2":
  version "5.3.2"
  resolved "https://registry.yarnpkg.com/@pixi/sprite-tiling/-/sprite-tiling-5.3.2.tgz#782b5be75b65df355b46532df1a3cc51b4552b14"
  integrity sha512-lS+xNjF43mLxo/bsJpRH9iIYdrSRzQ54vH1Yss9X/p2O57ISwBFaIzfYJAKFkQLumGLEeUg9hj7qcfJJRMOOYA==
  dependencies:
    "@pixi/constants" "5.3.2"
    "@pixi/core" "5.3.2"
    "@pixi/display" "5.3.2"
    "@pixi/math" "5.3.2"
    "@pixi/sprite" "5.3.2"
    "@pixi/utils" "5.3.2"

"@pixi/sprite@5.3.2":
  version "5.3.2"
  resolved "https://registry.yarnpkg.com/@pixi/sprite/-/sprite-5.3.2.tgz#dda4bfc517eab049a338dd9f30a7ca4de5781e66"
  integrity sha512-DKacTS+TzCDptW4N7jkL+2m7Xz3IeEv0C3JDffJaFk9R4WR7iUzNkXF2tUQfci5aBKobK0djFh7iFORPB6r0tg==
  dependencies:
    "@pixi/constants" "5.3.2"
    "@pixi/core" "5.3.2"
    "@pixi/display" "5.3.2"
    "@pixi/math" "5.3.2"
    "@pixi/settings" "5.3.2"
    "@pixi/utils" "5.3.2"

"@pixi/spritesheet@5.3.2":
  version "5.3.2"
  resolved "https://registry.yarnpkg.com/@pixi/spritesheet/-/spritesheet-5.3.2.tgz#d2470d4d0066886d0144c3379fcac2c419743c09"
  integrity sha512-FgOKJW0d/4wYCEJTyAfHRSZ972gZ50QtUTyy1GQIYKkZAwiLVnXkpVj7jBumaL9BbOt8AyCWIXsMk47C1DLcpg==
  dependencies:
    "@pixi/core" "5.3.2"
    "@pixi/loaders" "5.3.2"
    "@pixi/math" "5.3.2"
    "@pixi/utils" "5.3.2"

"@pixi/text-bitmap@5.3.2":
  version "5.3.2"
  resolved "https://registry.yarnpkg.com/@pixi/text-bitmap/-/text-bitmap-5.3.2.tgz#259bfe9222c0cd5dabb29a0a7ae2e0b24d33497e"
  integrity sha512-dbHzkjPp2BcbtK3fKlouJ2DanSOj1VWuutDIM1wTNqu9WsjjrT8n6STEQ2qn0Uzna0xypBaEKbin4o2dtTonWg==
  dependencies:
    "@pixi/core" "5.3.2"
    "@pixi/display" "5.3.2"
    "@pixi/loaders" "5.3.2"
    "@pixi/math" "5.3.2"
    "@pixi/mesh" "5.3.2"
    "@pixi/settings" "5.3.2"
    "@pixi/text" "5.3.2"
    "@pixi/utils" "5.3.2"

"@pixi/text@5.3.2":
  version "5.3.2"
  resolved "https://registry.yarnpkg.com/@pixi/text/-/text-5.3.2.tgz#13c8e174cfcd7d43d7312ac22a2e269e3e95ddf2"
  integrity sha512-NGGxN4LbkUqhQ0j19WwCjE3ELFPZBlDX8U85Z1xZbK1pOcI/k6k8h30+vsI4PRUMfNYo5s1NiOgEoZqflEMuog==
  dependencies:
    "@pixi/core" "5.3.2"
    "@pixi/math" "5.3.2"
    "@pixi/settings" "5.3.2"
    "@pixi/sprite" "5.3.2"
    "@pixi/utils" "5.3.2"

"@pixi/ticker@5.3.2":
  version "5.3.2"
  resolved "https://registry.yarnpkg.com/@pixi/ticker/-/ticker-5.3.2.tgz#8c714d144e10dccee15b7542eed53a894868e899"
  integrity sha512-5fc3A3XZbHpX8ho07ryTz5sLHx29ZlhRppmkR/fyzN8MTTFwERxyNjfb8SOfsm2xMmf3mQdjdWjZ0ClbhSSjzQ==
  dependencies:
    "@pixi/settings" "5.3.2"

"@pixi/utils@5.3.2":
  version "5.3.2"
  resolved "https://registry.yarnpkg.com/@pixi/utils/-/utils-5.3.2.tgz#643657780e204dbe2c072350627ffcc13b7b2b18"
  integrity sha512-/xt+05/U0ucvwSNZv+jT+/U+RYS+JCZu6r9tInQfIngZtKlemZbHinW9V641YqFVsfsLrsqZalL9hnhtJhXVHA==
  dependencies:
    "@pixi/constants" "5.3.2"
    "@pixi/settings" "5.3.2"
    earcut "^2.1.5"
    eventemitter3 "^3.1.0"
    url "^0.11.0"

"@types/webfontloader@^1.6.32":
  version "1.6.32"
  resolved "https://registry.yarnpkg.com/@types/webfontloader/-/webfontloader-1.6.32.tgz#8a02698b7a07a9f2cc8e34d7223dc5d59ccff77a"
  integrity sha512-l83V/2iHvBTIlKUM1+UlabS/Jd65HVfKmqS+zPhwDlgldPtd5ujPDt0Y1es19xLWcN8NC3wwSTd71Qxbst+Kpw==

"@vue/compiler-core@3.0.0-rc.5":
  version "3.0.0-rc.5"
  resolved "https://registry.yarnpkg.com/@vue/compiler-core/-/compiler-core-3.0.0-rc.5.tgz#dd4f1816fcae34a81bc60e584f97993cad284d54"
  integrity sha512-dNz5AObEYg0Oglw3emIsBhTAOVfObrfxDaAzR0UTRDDq+Ohfr6KTSaVQAH88Ym+oa08ZlLZBFc6ARe9doAOIxg==
  dependencies:
    "@babel/parser" "^7.10.4"
    "@babel/types" "^7.10.4"
    "@vue/shared" "3.0.0-rc.5"
    estree-walker "^2.0.1"
    source-map "^0.6.1"

"@vue/compiler-dom@3.0.0-rc.5":
  version "3.0.0-rc.5"
  resolved "https://registry.yarnpkg.com/@vue/compiler-dom/-/compiler-dom-3.0.0-rc.5.tgz#83905e8601123a3654b90fbd80708a16530ce21a"
  integrity sha512-z8n+R1GhFnWuKURLYxfVSEfP7nSNM91qteobxwys55fhlZZuReouMnUwgrn+ois/IL6RdFlT9H+n4+N6yLrdJA==
  dependencies:
    "@vue/compiler-core" "3.0.0-rc.5"
    "@vue/shared" "3.0.0-rc.5"

"@vue/compiler-sfc@^3.0.0-rc.5":
  version "3.0.0-rc.5"
  resolved "https://registry.yarnpkg.com/@vue/compiler-sfc/-/compiler-sfc-3.0.0-rc.5.tgz#374e52a6fbf8fb9aee1213026050a0f1c496fecf"
  integrity sha512-huoIFEfFCJxHcpoByAUQti7CIwJdHPLJXKuy2HG7J1B+IEKugtBdF50CLH35ZD8dWM0nyOMFFqTbO7i6CCjL3Q==
  dependencies:
    "@babel/parser" "^7.10.4"
    "@babel/types" "^7.10.4"
    "@vue/compiler-core" "3.0.0-rc.5"
    "@vue/compiler-dom" "3.0.0-rc.5"
    "@vue/compiler-ssr" "3.0.0-rc.5"
    "@vue/shared" "3.0.0-rc.5"
    consolidate "^0.15.1"
    estree-walker "^2.0.1"
    hash-sum "^2.0.0"
    lru-cache "^5.1.1"
    magic-string "^0.25.7"
    merge-source-map "^1.1.0"
    postcss "^7.0.27"
    postcss-modules "^3.1.0"
    postcss-selector-parser "^6.0.2"
    source-map "^0.6.1"

"@vue/compiler-ssr@3.0.0-rc.5":
  version "3.0.0-rc.5"
  resolved "https://registry.yarnpkg.com/@vue/compiler-ssr/-/compiler-ssr-3.0.0-rc.5.tgz#878406c59daff362ecdcb199fb9467a769ca8de5"
  integrity sha512-OU5Vl2+bCDMImS9OeCVnl4lfxZ3/sopdwX2SrUWVKQvCxmmmlyWvoVkC6nNGCs/MrOmIMhKmL6etgzLTWyCkUg==
  dependencies:
    "@vue/compiler-dom" "3.0.0-rc.5"
    "@vue/shared" "3.0.0-rc.5"

"@vue/reactivity@3.0.0-rc.5":
  version "3.0.0-rc.5"
  resolved "https://registry.yarnpkg.com/@vue/reactivity/-/reactivity-3.0.0-rc.5.tgz#45cff8d839d7ad130b1e499239090050fdecff13"
  integrity sha512-oe9C+1jtWUdYL/iNc0OPWbwgOk2rOW2uQ+exx3I6Jo6PKOmnAiPkMElalf9vRnO53rnUphVecMp8BlTJvcNgDw==
  dependencies:
    "@vue/shared" "3.0.0-rc.5"

"@vue/runtime-core@3.0.0-rc.5":
  version "3.0.0-rc.5"
  resolved "https://registry.yarnpkg.com/@vue/runtime-core/-/runtime-core-3.0.0-rc.5.tgz#dd59af3a5fc089d1cdc05a657320c0dc17e5c362"
  integrity sha512-MRIWreFigxdRuI2moFociUL5rVBfgYPrT7rWfQ0XfOyW46b+AiuCJyZvgbsRXwkAERfW1Tb/mY5forYjX2thOg==
  dependencies:
    "@vue/reactivity" "3.0.0-rc.5"
    "@vue/shared" "3.0.0-rc.5"

"@vue/runtime-dom@3.0.0-rc.5":
  version "3.0.0-rc.5"
  resolved "https://registry.yarnpkg.com/@vue/runtime-dom/-/runtime-dom-3.0.0-rc.5.tgz#2fd75a1f29b23abf0ffe5ccdedabda11721c5b5b"
  integrity sha512-0jwpO3MBqMToq7qC816Z8Y6G8aN4ZKbv7MupgRaepzxhiK0sXcjLQmOATP3g/NyX52UCBJS4wAwsxidqGnAabA==
  dependencies:
    "@vue/runtime-core" "3.0.0-rc.5"
    "@vue/shared" "3.0.0-rc.5"
    csstype "^2.6.8"

"@vue/shared@3.0.0-rc.5":
  version "3.0.0-rc.5"
  resolved "https://registry.yarnpkg.com/@vue/shared/-/shared-3.0.0-rc.5.tgz#cea2378e3e37363ddc1f5dd158edc9c9b5b3fff0"
  integrity sha512-ZhcgGzBpp+pUzisZgQpM4ctIGgLpYjBj7/rZfbhEPxFHF/BuTV2jmhXvAl8aF9xDAejIcw85xCy92gDSwKtPag==

ansi-styles@^3.2.1:
  version "3.2.1"
  resolved "https://registry.yarnpkg.com/ansi-styles/-/ansi-styles-3.2.1.tgz#41fbb20243e50b12be0f04b8dedbf07520ce841d"
  integrity sha512-VT0ZI6kZRdTh8YyJw3SMbYm/u+NqfsAxEpWO0Pf9sq8/e94WxxOpPKx9FR1FlyCtOVDNOQ+8ntlqFxiRc+r5qA==
  dependencies:
    color-convert "^1.9.0"

big.js@^5.2.2:
  version "5.2.2"
  resolved "https://registry.yarnpkg.com/big.js/-/big.js-5.2.2.tgz#65f0af382f578bcdc742bd9c281e9cb2d7768328"
  integrity sha512-vyL2OymJxmarO8gxMr0mhChsO9QGwhynfuu4+MHTAW6czfq9humCB7rKpUjDd9YUiDPU4mzpyupFSvOClAwbmQ==

bluebird@^3.1.1:
  version "3.7.2"
  resolved "https://registry.yarnpkg.com/bluebird/-/bluebird-3.7.2.tgz#9f229c15be272454ffa973ace0dbee79a1b0c36f"
  integrity sha512-XpNj6GDQzdfW+r2Wnn7xiSAd7TM3jzkxGXBGTtWKuSXv1xUV+azxAm8jdWZN06QTQk+2N2XB9jRDkvbmQmcRtg==

chalk@^2.4.2:
  version "2.4.2"
  resolved "https://registry.yarnpkg.com/chalk/-/chalk-2.4.2.tgz#cd42541677a54333cf541a49108c1432b44c9424"
  integrity sha512-Mti+f9lpJNcwF4tWV8/OrTTtF1gZi+f8FqlyAdouralcFWFQWF2+NgCHShjkCb+IFBLq9buZwE1xckQU4peSuQ==
  dependencies:
    ansi-styles "^3.2.1"
    escape-string-regexp "^1.0.5"
    supports-color "^5.3.0"

color-convert@^1.9.0:
  version "1.9.3"
  resolved "https://registry.yarnpkg.com/color-convert/-/color-convert-1.9.3.tgz#bb71850690e1f136567de629d2d5471deda4c1e8"
  integrity sha512-QfAUtd+vFdAtFQcC8CCyYt1fYWxSqAiK2cSD6zDB8N3cpsEBAvRxp9zOGg6G/SHHJYAT88/az/IuDGALsNVbGg==
  dependencies:
    color-name "1.1.3"

color-name@1.1.3:
  version "1.1.3"
  resolved "https://registry.yarnpkg.com/color-name/-/color-name-1.1.3.tgz#a7d0558bd89c42f795dd42328f740831ca53bc25"
  integrity sha1-p9BVi9icQveV3UIyj3QIMcpTvCU=

consolidate@^0.15.1:
  version "0.15.1"
  resolved "https://registry.yarnpkg.com/consolidate/-/consolidate-0.15.1.tgz#21ab043235c71a07d45d9aad98593b0dba56bab7"
  integrity sha512-DW46nrsMJgy9kqAbPt5rKaCr7uFtpo4mSUvLHIUbJEjm0vo+aY5QLwBUq3FK4tRnJr/X0Psc0C4jf/h+HtXSMw==
  dependencies:
    bluebird "^3.1.1"

cssesc@^3.0.0:
  version "3.0.0"
  resolved "https://registry.yarnpkg.com/cssesc/-/cssesc-3.0.0.tgz#37741919903b868565e1c09ea747445cd18983ee"
  integrity sha512-/Tb/JcjK111nNScGob5MNtsntNM1aCNUDipB/TkwZFhyDrrE47SOx/18wF2bbjgc3ZzCSKW1T5nt5EbFoAz/Vg==

csstype@^2.6.8:
  version "2.6.11"
  resolved "https://registry.yarnpkg.com/csstype/-/csstype-2.6.11.tgz#452f4d024149ecf260a852b025e36562a253ffc5"
  integrity sha512-l8YyEC9NBkSm783PFTvh0FmJy7s5pFKrDp49ZL7zBGX3fWkO+N4EEyan1qqp8cwPLDcD0OSdyY6hAMoxp34JFw==

earcut@^2.1.5:
  version "2.2.2"
  resolved "https://registry.yarnpkg.com/earcut/-/earcut-2.2.2.tgz#41b0bc35f63e0fe80da7cddff28511e7e2e80d11"
  integrity sha512-eZoZPPJcUHnfRZ0PjLvx2qBordSiO8ofC3vt+qACLM95u+4DovnbYNpQtJh0DNsWj8RnxrQytD4WA8gj5cRIaQ==

emojis-list@^3.0.0:
  version "3.0.0"
  resolved "https://registry.yarnpkg.com/emojis-list/-/emojis-list-3.0.0.tgz#5570662046ad29e2e916e71aae260abdff4f6a78"
  integrity sha512-/kyM18EfinwXZbno9FyUGeFh87KC8HRQBQGildHZbEuRyWFOmv1U10o9BBp8XVZDVNNuQKyIGIu5ZYAAXJ0V2Q==

es6-promise-polyfill@^1.2.0:
  version "1.2.0"
  resolved "https://registry.yarnpkg.com/es6-promise-polyfill/-/es6-promise-polyfill-1.2.0.tgz#f38925f23cb3e3e8ce6cda8ff774fcebbb090cde"
  integrity sha1-84kl8jyz4+jObNqP93T867sJDN4=

esbuild-android-64@0.14.54:
  version "0.14.54"
  resolved "https://registry.yarnpkg.com/esbuild-android-64/-/esbuild-android-64-0.14.54.tgz#505f41832884313bbaffb27704b8bcaa2d8616be"
  integrity sha512-Tz2++Aqqz0rJ7kYBfz+iqyE3QMycD4vk7LBRyWaAVFgFtQ/O8EJOnVmTOiDWYZ/uYzB4kvP+bqejYdVKzE5lAQ==

esbuild-android-arm64@0.14.54:
  version "0.14.54"
  resolved "https://registry.yarnpkg.com/esbuild-android-arm64/-/esbuild-android-arm64-0.14.54.tgz#8ce69d7caba49646e009968fe5754a21a9871771"
  integrity sha512-F9E+/QDi9sSkLaClO8SOV6etqPd+5DgJje1F9lOWoNncDdOBL2YF59IhsWATSt0TLZbYCf3pNlTHvVV5VfHdvg==

esbuild-darwin-64@0.14.54:
  version "0.14.54"
  resolved "https://registry.yarnpkg.com/esbuild-darwin-64/-/esbuild-darwin-64-0.14.54.tgz#24ba67b9a8cb890a3c08d9018f887cc221cdda25"
  integrity sha512-jtdKWV3nBviOd5v4hOpkVmpxsBy90CGzebpbO9beiqUYVMBtSc0AL9zGftFuBon7PNDcdvNCEuQqw2x0wP9yug==

esbuild-darwin-arm64@0.14.54:
  version "0.14.54"
  resolved "https://registry.yarnpkg.com/esbuild-darwin-arm64/-/esbuild-darwin-arm64-0.14.54.tgz#3f7cdb78888ee05e488d250a2bdaab1fa671bf73"
  integrity sha512-OPafJHD2oUPyvJMrsCvDGkRrVCar5aVyHfWGQzY1dWnzErjrDuSETxwA2HSsyg2jORLY8yBfzc1MIpUkXlctmw==

esbuild-freebsd-64@0.14.54:
  version "0.14.54"
  resolved "https://registry.yarnpkg.com/esbuild-freebsd-64/-/esbuild-freebsd-64-0.14.54.tgz#09250f997a56ed4650f3e1979c905ffc40bbe94d"
  integrity sha512-OKwd4gmwHqOTp4mOGZKe/XUlbDJ4Q9TjX0hMPIDBUWWu/kwhBAudJdBoxnjNf9ocIB6GN6CPowYpR/hRCbSYAg==

esbuild-freebsd-arm64@0.14.54:
  version "0.14.54"
  resolved "https://registry.yarnpkg.com/esbuild-freebsd-arm64/-/esbuild-freebsd-arm64-0.14.54.tgz#bafb46ed04fc5f97cbdb016d86947a79579f8e48"
  integrity sha512-sFwueGr7OvIFiQT6WeG0jRLjkjdqWWSrfbVwZp8iMP+8UHEHRBvlaxL6IuKNDwAozNUmbb8nIMXa7oAOARGs1Q==

esbuild-linux-32@0.14.54:
  version "0.14.54"
  resolved "https://registry.yarnpkg.com/esbuild-linux-32/-/esbuild-linux-32-0.14.54.tgz#e2a8c4a8efdc355405325033fcebeb941f781fe5"
  integrity sha512-1ZuY+JDI//WmklKlBgJnglpUL1owm2OX+8E1syCD6UAxcMM/XoWd76OHSjl/0MR0LisSAXDqgjT3uJqT67O3qw==

esbuild-linux-64@0.14.54:
  version "0.14.54"
  resolved "https://registry.yarnpkg.com/esbuild-linux-64/-/esbuild-linux-64-0.14.54.tgz#de5fdba1c95666cf72369f52b40b03be71226652"
  integrity sha512-EgjAgH5HwTbtNsTqQOXWApBaPVdDn7XcK+/PtJwZLT1UmpLoznPd8c5CxqsH2dQK3j05YsB3L17T8vE7cp4cCg==

esbuild-linux-arm64@0.14.54:
  version "0.14.54"
  resolved "https://registry.yarnpkg.com/esbuild-linux-arm64/-/esbuild-linux-arm64-0.14.54.tgz#dae4cd42ae9787468b6a5c158da4c84e83b0ce8b"
  integrity sha512-WL71L+0Rwv+Gv/HTmxTEmpv0UgmxYa5ftZILVi2QmZBgX3q7+tDeOQNqGtdXSdsL8TQi1vIaVFHUPDe0O0kdig==

esbuild-linux-arm@0.14.54:
  version "0.14.54"
  resolved "https://registry.yarnpkg.com/esbuild-linux-arm/-/esbuild-linux-arm-0.14.54.tgz#a2c1dff6d0f21dbe8fc6998a122675533ddfcd59"
  integrity sha512-qqz/SjemQhVMTnvcLGoLOdFpCYbz4v4fUo+TfsWG+1aOu70/80RV6bgNpR2JCrppV2moUQkww+6bWxXRL9YMGw==

esbuild-linux-mips64le@0.14.54:
  version "0.14.54"
  resolved "https://registry.yarnpkg.com/esbuild-linux-mips64le/-/esbuild-linux-mips64le-0.14.54.tgz#d9918e9e4cb972f8d6dae8e8655bf9ee131eda34"
  integrity sha512-qTHGQB8D1etd0u1+sB6p0ikLKRVuCWhYQhAHRPkO+OF3I/iSlTKNNS0Lh2Oc0g0UFGguaFZZiPJdJey3AGpAlw==

esbuild-linux-ppc64le@0.14.54:
  version "0.14.54"
  resolved "https://registry.yarnpkg.com/esbuild-linux-ppc64le/-/esbuild-linux-ppc64le-0.14.54.tgz#3f9a0f6d41073fb1a640680845c7de52995f137e"
  integrity sha512-j3OMlzHiqwZBDPRCDFKcx595XVfOfOnv68Ax3U4UKZ3MTYQB5Yz3X1mn5GnodEVYzhtZgxEBidLWeIs8FDSfrQ==

esbuild-linux-riscv64@0.14.54:
  version "0.14.54"
  resolved "https://registry.yarnpkg.com/esbuild-linux-riscv64/-/esbuild-linux-riscv64-0.14.54.tgz#618853c028178a61837bc799d2013d4695e451c8"
  integrity sha512-y7Vt7Wl9dkOGZjxQZnDAqqn+XOqFD7IMWiewY5SPlNlzMX39ocPQlOaoxvT4FllA5viyV26/QzHtvTjVNOxHZg==

esbuild-linux-s390x@0.14.54:
  version "0.14.54"
  resolved "https://registry.yarnpkg.com/esbuild-linux-s390x/-/esbuild-linux-s390x-0.14.54.tgz#d1885c4c5a76bbb5a0fe182e2c8c60eb9e29f2a6"
  integrity sha512-zaHpW9dziAsi7lRcyV4r8dhfG1qBidQWUXweUjnw+lliChJqQr+6XD71K41oEIC3Mx1KStovEmlzm+MkGZHnHA==

esbuild-netbsd-64@0.14.54:
  version "0.14.54"
  resolved "https://registry.yarnpkg.com/esbuild-netbsd-64/-/esbuild-netbsd-64-0.14.54.tgz#69ae917a2ff241b7df1dbf22baf04bd330349e81"
  integrity sha512-PR01lmIMnfJTgeU9VJTDY9ZerDWVFIUzAtJuDHwwceppW7cQWjBBqP48NdeRtoP04/AtO9a7w3viI+PIDr6d+w==

esbuild-openbsd-64@0.14.54:
  version "0.14.54"
  resolved "https://registry.yarnpkg.com/esbuild-openbsd-64/-/esbuild-openbsd-64-0.14.54.tgz#db4c8495287a350a6790de22edea247a57c5d47b"
  integrity sha512-Qyk7ikT2o7Wu76UsvvDS5q0amJvmRzDyVlL0qf5VLsLchjCa1+IAvd8kTBgUxD7VBUUVgItLkk609ZHUc1oCaw==

esbuild-sunos-64@0.14.54:
  version "0.14.54"
  resolved "https://registry.yarnpkg.com/esbuild-sunos-64/-/esbuild-sunos-64-0.14.54.tgz#54287ee3da73d3844b721c21bc80c1dc7e1bf7da"
  integrity sha512-28GZ24KmMSeKi5ueWzMcco6EBHStL3B6ubM7M51RmPwXQGLe0teBGJocmWhgwccA1GeFXqxzILIxXpHbl9Q/Kw==

esbuild-windows-32@0.14.54:
  version "0.14.54"
  resolved "https://registry.yarnpkg.com/esbuild-windows-32/-/esbuild-windows-32-0.14.54.tgz#f8aaf9a5667630b40f0fb3aa37bf01bbd340ce31"
  integrity sha512-T+rdZW19ql9MjS7pixmZYVObd9G7kcaZo+sETqNH4RCkuuYSuv9AGHUVnPoP9hhuE1WM1ZimHz1CIBHBboLU7w==

esbuild-windows-64@0.14.54:
  version "0.14.54"
  resolved "https://registry.yarnpkg.com/esbuild-windows-64/-/esbuild-windows-64-0.14.54.tgz#bf54b51bd3e9b0f1886ffdb224a4176031ea0af4"
  integrity sha512-AoHTRBUuYwXtZhjXZbA1pGfTo8cJo3vZIcWGLiUcTNgHpJJMC1rVA44ZereBHMJtotyN71S8Qw0npiCIkW96cQ==

esbuild-windows-arm64@0.14.54:
  version "0.14.54"
  resolved "https://registry.yarnpkg.com/esbuild-windows-arm64/-/esbuild-windows-arm64-0.14.54.tgz#937d15675a15e4b0e4fafdbaa3a01a776a2be982"
  integrity sha512-M0kuUvXhot1zOISQGXwWn6YtS+Y/1RT9WrVIOywZnJHo3jCDyewAc79aKNQWFCQm+xNHVTq9h8dZKvygoXQQRg==

esbuild@^0.14.27:
  version "0.14.54"
  resolved "https://registry.yarnpkg.com/esbuild/-/esbuild-0.14.54.tgz#8b44dcf2b0f1a66fc22459943dccf477535e9aa2"
  integrity sha512-Cy9llcy8DvET5uznocPyqL3BFRrFXSVqbgpMJ9Wz8oVjZlh/zUSNbPRbov0VX7VxN2JH1Oa0uNxZ7eLRb62pJA==
  optionalDependencies:
    "@esbuild/linux-loong64" "0.14.54"
    esbuild-android-64 "0.14.54"
    esbuild-android-arm64 "0.14.54"
    esbuild-darwin-64 "0.14.54"
    esbuild-darwin-arm64 "0.14.54"
    esbuild-freebsd-64 "0.14.54"
    esbuild-freebsd-arm64 "0.14.54"
    esbuild-linux-32 "0.14.54"
    esbuild-linux-64 "0.14.54"
    esbuild-linux-arm "0.14.54"
    esbuild-linux-arm64 "0.14.54"
    esbuild-linux-mips64le "0.14.54"
    esbuild-linux-ppc64le "0.14.54"
    esbuild-linux-riscv64 "0.14.54"
    esbuild-linux-s390x "0.14.54"
    esbuild-netbsd-64 "0.14.54"
    esbuild-openbsd-64 "0.14.54"
    esbuild-sunos-64 "0.14.54"
    esbuild-windows-32 "0.14.54"
    esbuild-windows-64 "0.14.54"
    esbuild-windows-arm64 "0.14.54"

escape-string-regexp@^1.0.5:
  version "1.0.5"
  resolved "https://registry.yarnpkg.com/escape-string-regexp/-/escape-string-regexp-1.0.5.tgz#1b61c0562190a8dff6ae3bb2cf0200ca130b86d4"
  integrity sha1-G2HAViGQqN/2rjuyzwIAyhMLhtQ=

estree-walker@^2.0.1:
  version "2.0.1"
  resolved "https://registry.yarnpkg.com/estree-walker/-/estree-walker-2.0.1.tgz#f8e030fb21cefa183b44b7ad516b747434e7a3e0"
  integrity sha512-tF0hv+Yi2Ot1cwj9eYHtxC0jB9bmjacjQs6ZBTj82H8JwUywFuc+7E83NWfNMwHXZc11mjfFcVXPe9gEP4B8dg==

eventemitter3@^3.1.0:
  version "3.1.2"
  resolved "https://registry.yarnpkg.com/eventemitter3/-/eventemitter3-3.1.2.tgz#2d3d48f9c346698fce83a85d7d664e98535df6e7"
  integrity sha512-tvtQIeLVHjDkJYnzf2dgVMxfuSGJeM/7UCG17TT4EumTfNtF+0nebF/4zWOIkCreAbtNqhGEboB6BWrwqNaw4Q==

fsevents@~2.3.2:
  version "2.3.2"
  resolved "https://registry.yarnpkg.com/fsevents/-/fsevents-2.3.2.tgz#8a526f78b8fdf4623b709e0b975c52c24c02fd1a"
  integrity sha512-xiqMQR4xAeHTuB9uWm+fFRcIOgKBMiOBP+eXiyT7jsgVCq1bkVygt00oASowB7EdtpOHaaPgKt812P9ab+DDKA==

function-bind@^1.1.1:
  version "1.1.1"
  resolved "https://registry.yarnpkg.com/function-bind/-/function-bind-1.1.1.tgz#a56899d3ea3c9bab874bb9773b7c5ede92f4895d"
  integrity sha512-yIovAzMX49sF8Yl58fSCWJ5svSLuaibPxXQJFLmBObTuCr0Mf1KiPopGM9NiFjiYBCbfaa2Fh6breQ6ANVTI0A==

generic-names@^2.0.1:
  version "2.0.1"
  resolved "https://registry.yarnpkg.com/generic-names/-/generic-names-2.0.1.tgz#f8a378ead2ccaa7a34f0317b05554832ae41b872"
  integrity sha512-kPCHWa1m9wGG/OwQpeweTwM/PYiQLrUIxXbt/P4Nic3LbGjCP0YwrALHW1uNLKZ0LIMg+RF+XRlj2ekT9ZlZAQ==
  dependencies:
    loader-utils "^1.1.0"

has-flag@^3.0.0:
  version "3.0.0"
  resolved "https://registry.yarnpkg.com/has-flag/-/has-flag-3.0.0.tgz#b5d454dc2199ae225699f3467e5a07f3b955bafd"
  integrity sha1-tdRU3CGZriJWmfNGfloH87lVuv0=

has@^1.0.3:
  version "1.0.3"
  resolved "https://registry.yarnpkg.com/has/-/has-1.0.3.tgz#722d7cbfc1f6aa8241f16dd814e011e1f41e8796"
  integrity sha512-f2dvO0VU6Oej7RkWJGrehjbzMAjFp5/VKPp5tTpWIV4JHHZK1/BxbFRtf/siA2SWTe09caDmVtYYzWEIbBS4zw==
  dependencies:
    function-bind "^1.1.1"

hash-sum@^2.0.0:
  version "2.0.0"
  resolved "https://registry.yarnpkg.com/hash-sum/-/hash-sum-2.0.0.tgz#81d01bb5de8ea4a214ad5d6ead1b523460b0b45a"
  integrity sha512-WdZTbAByD+pHfl/g9QSsBIIwy8IT+EsPiKDs0KNX+zSHhdDLFKdZu0BQHljvO+0QI/BasbMSUa8wYNCZTvhslg==

icss-replace-symbols@^1.1.0:
  version "1.1.0"
  resolved "https://registry.yarnpkg.com/icss-replace-symbols/-/icss-replace-symbols-1.1.0.tgz#06ea6f83679a7749e386cfe1fe812ae5db223ded"
  integrity sha1-Bupvg2ead0njhs/h/oEq5dsiPe0=

icss-utils@^4.0.0, icss-utils@^4.1.1:
  version "4.1.1"
  resolved "https://registry.yarnpkg.com/icss-utils/-/icss-utils-4.1.1.tgz#21170b53789ee27447c2f47dd683081403f9a467"
  integrity sha512-4aFq7wvWyMHKgxsH8QQtGpvbASCf+eM3wPRLI6R+MgAnTCZ6STYsRvttLvRWK0Nfif5piF394St3HeJDaljGPA==
  dependencies:
    postcss "^7.0.14"

indexes-of@^1.0.1:
  version "1.0.1"
  resolved "https://registry.yarnpkg.com/indexes-of/-/indexes-of-1.0.1.tgz#f30f716c8e2bd346c7b67d3df3915566a7c05607"
  integrity sha1-8w9xbI4r00bHtn0985FVZqfAVgc=

is-core-module@^2.9.0:
  version "2.10.0"
  resolved "https://registry.yarnpkg.com/is-core-module/-/is-core-module-2.10.0.tgz#9012ede0a91c69587e647514e1d5277019e728ed"
  integrity sha512-Erxj2n/LDAZ7H8WNJXd9tw38GYM3dv8rk8Zcs+jJuxYTW7sozH+SS8NtrSjVL1/vpLvWi1hxy96IzjJ3EHTJJg==
  dependencies:
    has "^1.0.3"

ismobilejs@^1.1.0:
  version "1.1.1"
  resolved "https://registry.yarnpkg.com/ismobilejs/-/ismobilejs-1.1.1.tgz#c56ca0ae8e52b24ca0f22ba5ef3215a2ddbbaa0e"
  integrity sha512-VaFW53yt8QO61k2WJui0dHf4SlL8lxBofUuUmwBo0ljPk0Drz2TiuDW4jo3wDcv41qy/SxrJ+VAzJ/qYqsmzRw==

json5@^1.0.1:
  version "1.0.1"
  resolved "https://registry.yarnpkg.com/json5/-/json5-1.0.1.tgz#779fb0018604fa854eacbf6252180d83543e3dbe"
  integrity sha512-aKS4WQjPenRxiQsC93MNfjx+nbF4PAdYzmd/1JIj8HYzqfbu86beTuNgXDzPknWk0n0uARlyewZo4s++ES36Ow==
  dependencies:
    minimist "^1.2.0"

loader-utils@^1.1.0:
  version "1.4.0"
  resolved "https://registry.yarnpkg.com/loader-utils/-/loader-utils-1.4.0.tgz#c579b5e34cb34b1a74edc6c1fb36bfa371d5a613"
  integrity sha512-qH0WSMBtn/oHuwjy/NucEgbx5dbxxnxup9s4PVXJUDHZBQY+s0NWA9rJf53RBnQZxfch7euUui7hpoAPvALZdA==
  dependencies:
    big.js "^5.2.2"
    emojis-list "^3.0.0"
    json5 "^1.0.1"

lodash.camelcase@^4.3.0:
  version "4.3.0"
  resolved "https://registry.yarnpkg.com/lodash.camelcase/-/lodash.camelcase-4.3.0.tgz#b28aa6288a2b9fc651035c7711f65ab6190331a6"
  integrity sha1-soqmKIorn8ZRA1x3EfZathkDMaY=

lodash@^4.17.19:
  version "4.17.19"
  resolved "https://registry.yarnpkg.com/lodash/-/lodash-4.17.19.tgz#e48ddedbe30b3321783c5b4301fbd353bc1e4a4b"
  integrity sha512-JNvd8XER9GQX0v2qJgsaN/mzFCNA5BRe/j8JN9d+tWyGLSodKQHKFicdwNYzWwI3wjRnaKPsGj1XkBjx/F96DQ==

lru-cache@^5.1.1:
  version "5.1.1"
  resolved "https://registry.yarnpkg.com/lru-cache/-/lru-cache-5.1.1.tgz#1da27e6710271947695daf6848e847f01d84b920"
  integrity sha512-KpNARQA3Iwv+jTA0utUVVbrh+Jlrr1Fv0e56GGzAFOXN7dk/FviaDW8LHmK52DlcH4WP2n6gI8vN1aesBFgo9w==
  dependencies:
    yallist "^3.0.2"

magic-string@^0.25.7:
  version "0.25.7"
  resolved "https://registry.yarnpkg.com/magic-string/-/magic-string-0.25.7.tgz#3f497d6fd34c669c6798dcb821f2ef31f5445051"
  integrity sha512-4CrMT5DOHTDk4HYDlzmwu4FVCcIYI8gauveasrdCu2IKIFOJ3f0v/8MDGJCDL9oD2ppz/Av1b0Nj345H9M+XIA==
  dependencies:
    sourcemap-codec "^1.4.4"

merge-source-map@^1.1.0:
  version "1.1.0"
  resolved "https://registry.yarnpkg.com/merge-source-map/-/merge-source-map-1.1.0.tgz#2fdde7e6020939f70906a68f2d7ae685e4c8c646"
  integrity sha512-Qkcp7P2ygktpMPh2mCQZaf3jhN6D3Z/qVZHSdWvQ+2Ef5HgRAPBO57A77+ENm0CPx2+1Ce/MYKi3ymqdfuqibw==
  dependencies:
    source-map "^0.6.1"

mini-signals@^1.2.0:
  version "1.2.0"
  resolved "https://registry.yarnpkg.com/mini-signals/-/mini-signals-1.2.0.tgz#45b08013c5fae51a24aa1a935cd317c9ed721d74"
  integrity sha1-RbCAE8X65RokqhqTXNMXye1yHXQ=

minimist@^1.2.0:
  version "1.2.5"
  resolved "https://registry.yarnpkg.com/minimist/-/minimist-1.2.5.tgz#67d66014b66a6a8aaa0c083c5fd58df4e4e97602"
  integrity sha512-FM9nNUYrRBAELZQT3xeZQ7fmMOBg6nWNmJKTcgsJeaLstP/UODVpGsr5OhXhhXg6f+qtJ8uiZ+PUxkDWcgIXLw==

nanoid@^3.3.4:
  version "3.3.4"
  resolved "https://registry.yarnpkg.com/nanoid/-/nanoid-3.3.4.tgz#730b67e3cd09e2deacf03c027c81c9d9dbc5e8ab"
  integrity sha512-MqBkQh/OHTS2egovRtLk45wEyNXwF+cokD+1YPf9u5VfJiRdAiRwB2froX5Co9Rh20xs4siNPm8naNotSD6RBw==

object-assign@^4.1.1:
  version "4.1.1"
  resolved "https://registry.yarnpkg.com/object-assign/-/object-assign-4.1.1.tgz#2109adc7965887cfc05cbbd442cac8bfbb360863"
  integrity sha1-IQmtx5ZYh8/AXLvUQsrIv7s2CGM=

parse-uri@^1.0.0:
  version "1.0.0"
  resolved "https://registry.yarnpkg.com/parse-uri/-/parse-uri-1.0.0.tgz#2872dcc22f1a797acde1583d8a0ac29552ddac20"
  integrity sha1-KHLcwi8aeXrN4Vg9igrClVLdrCA=

path-parse@^1.0.7:
  version "1.0.7"
  resolved "https://registry.yarnpkg.com/path-parse/-/path-parse-1.0.7.tgz#fbc114b60ca42b30d9daf5858e4bd68bbedb6735"
  integrity sha512-LDJzPVEEEPR+y48z93A0Ed0yXb8pAByGWo/k5YYdYgpY2/2EsOsksJrq7lOHxryrVOn1ejG6oAp8ahvOIQD8sw==

picocolors@^1.0.0:
  version "1.0.0"
  resolved "https://registry.yarnpkg.com/picocolors/-/picocolors-1.0.0.tgz#cb5bdc74ff3f51892236eaf79d68bc44564ab81c"
  integrity sha512-1fygroTLlHu66zi26VoTDv8yRgm0Fccecssto+MhsZ0D/DGW2sm8E8AjW7NU5VVTRt5GxbeZ5qBuJr+HyLYkjQ==

pixi.js@^5.3.2:
  version "5.3.2"
  resolved "https://registry.yarnpkg.com/pixi.js/-/pixi.js-5.3.2.tgz#3df3d0f9822eec0ba39f129c58867cd1e156aade"
  integrity sha512-j0lqv/njYveGJgWgtLW2BjuiGtWyPKAVq5aFs3lxWcEnxmVk7OX2BI3jRlkYB3v+gBXm2SPzQswblMsShHvyLQ==
  dependencies:
    "@pixi/accessibility" "5.3.2"
    "@pixi/app" "5.3.2"
    "@pixi/constants" "5.3.2"
    "@pixi/core" "5.3.2"
    "@pixi/display" "5.3.2"
    "@pixi/extract" "5.3.2"
    "@pixi/filter-alpha" "5.3.2"
    "@pixi/filter-blur" "5.3.2"
    "@pixi/filter-color-matrix" "5.3.2"
    "@pixi/filter-displacement" "5.3.2"
    "@pixi/filter-fxaa" "5.3.2"
    "@pixi/filter-noise" "5.3.2"
    "@pixi/graphics" "5.3.2"
    "@pixi/interaction" "5.3.2"
    "@pixi/loaders" "5.3.2"
    "@pixi/math" "5.3.2"
    "@pixi/mesh" "5.3.2"
    "@pixi/mesh-extras" "5.3.2"
    "@pixi/mixin-cache-as-bitmap" "5.3.2"
    "@pixi/mixin-get-child-by-name" "5.3.2"
    "@pixi/mixin-get-global-position" "5.3.2"
    "@pixi/particles" "5.3.2"
    "@pixi/polyfill" "5.3.2"
    "@pixi/prepare" "5.3.2"
    "@pixi/runner" "5.3.2"
    "@pixi/settings" "5.3.2"
    "@pixi/sprite" "5.3.2"
    "@pixi/sprite-animated" "5.3.2"
    "@pixi/sprite-tiling" "5.3.2"
    "@pixi/spritesheet" "5.3.2"
    "@pixi/text" "5.3.2"
    "@pixi/text-bitmap" "5.3.2"
    "@pixi/ticker" "5.3.2"
    "@pixi/utils" "5.3.2"

postcss-modules-extract-imports@^2.0.0:
  version "2.0.0"
  resolved "https://registry.yarnpkg.com/postcss-modules-extract-imports/-/postcss-modules-extract-imports-2.0.0.tgz#818719a1ae1da325f9832446b01136eeb493cd7e"
  integrity sha512-LaYLDNS4SG8Q5WAWqIJgdHPJrDDr/Lv775rMBFUbgjTz6j34lUznACHcdRWroPvXANP2Vj7yNK57vp9eFqzLWQ==
  dependencies:
    postcss "^7.0.5"

postcss-modules-local-by-default@^3.0.2:
  version "3.0.2"
  resolved "https://registry.yarnpkg.com/postcss-modules-local-by-default/-/postcss-modules-local-by-default-3.0.2.tgz#e8a6561be914aaf3c052876377524ca90dbb7915"
  integrity sha512-jM/V8eqM4oJ/22j0gx4jrp63GSvDH6v86OqyTHHUvk4/k1vceipZsaymiZ5PvocqZOl5SFHiFJqjs3la0wnfIQ==
  dependencies:
    icss-utils "^4.1.1"
    postcss "^7.0.16"
    postcss-selector-parser "^6.0.2"
    postcss-value-parser "^4.0.0"

postcss-modules-scope@^2.2.0:
  version "2.2.0"
  resolved "https://registry.yarnpkg.com/postcss-modules-scope/-/postcss-modules-scope-2.2.0.tgz#385cae013cc7743f5a7d7602d1073a89eaae62ee"
  integrity sha512-YyEgsTMRpNd+HmyC7H/mh3y+MeFWevy7V1evVhJWewmMbjDHIbZbOXICC2y+m1xI1UVfIT1HMW/O04Hxyu9oXQ==
  dependencies:
    postcss "^7.0.6"
    postcss-selector-parser "^6.0.0"

postcss-modules-values@^3.0.0:
  version "3.0.0"
  resolved "https://registry.yarnpkg.com/postcss-modules-values/-/postcss-modules-values-3.0.0.tgz#5b5000d6ebae29b4255301b4a3a54574423e7f10"
  integrity sha512-1//E5jCBrZ9DmRX+zCtmQtRSV6PV42Ix7Bzj9GbwJceduuf7IqP8MgeTXuRDHOWj2m0VzZD5+roFWDuU8RQjcg==
  dependencies:
    icss-utils "^4.0.0"
    postcss "^7.0.6"

postcss-modules@^3.1.0:
  version "3.2.0"
  resolved "https://registry.yarnpkg.com/postcss-modules/-/postcss-modules-3.2.0.tgz#1ca870d197cd09a7964253e12de2aac906c94256"
  integrity sha512-ceodlVbBypGD3R7EI1xM7gz28J0syaXq0VKd7rJVXVlOSkxUIRBRJQjBgpoKnKVFNAcCjtLVgZqBA3mUNntWPA==
  dependencies:
    generic-names "^2.0.1"
    icss-replace-symbols "^1.1.0"
    lodash.camelcase "^4.3.0"
    postcss "^7.0.32"
    postcss-modules-extract-imports "^2.0.0"
    postcss-modules-local-by-default "^3.0.2"
    postcss-modules-scope "^2.2.0"
    postcss-modules-values "^3.0.0"
    string-hash "^1.1.1"

postcss-selector-parser@^6.0.0, postcss-selector-parser@^6.0.2:
  version "6.0.2"
  resolved "https://registry.yarnpkg.com/postcss-selector-parser/-/postcss-selector-parser-6.0.2.tgz#934cf799d016c83411859e09dcecade01286ec5c"
  integrity sha512-36P2QR59jDTOAiIkqEprfJDsoNrvwFei3eCqKd1Y0tUsBimsq39BLp7RD+JWny3WgB1zGhJX8XVePwm9k4wdBg==
  dependencies:
    cssesc "^3.0.0"
    indexes-of "^1.0.1"
    uniq "^1.0.1"

postcss-value-parser@^4.0.0:
  version "4.1.0"
  resolved "https://registry.yarnpkg.com/postcss-value-parser/-/postcss-value-parser-4.1.0.tgz#443f6a20ced6481a2bda4fa8532a6e55d789a2cb"
  integrity sha512-97DXOFbQJhk71ne5/Mt6cOu6yxsSfM0QGQyl0L25Gca4yGWEGJaig7l7gbCX623VqTBNGLRLaVUCnNkcedlRSQ==

postcss@^7.0.14, postcss@^7.0.16, postcss@^7.0.27, postcss@^7.0.32, postcss@^7.0.5, postcss@^7.0.6:
  version "7.0.32"
  resolved "https://registry.yarnpkg.com/postcss/-/postcss-7.0.32.tgz#4310d6ee347053da3433db2be492883d62cec59d"
  integrity sha512-03eXong5NLnNCD05xscnGKGDZ98CyzoqPSMjOe6SuoQY7Z2hIj0Ld1g/O/UQRuOle2aRtiIRDg9tDcTGAkLfKw==
  dependencies:
    chalk "^2.4.2"
    source-map "^0.6.1"
    supports-color "^6.1.0"

postcss@^8.4.13:
  version "8.4.16"
  resolved "https://registry.yarnpkg.com/postcss/-/postcss-8.4.16.tgz#33a1d675fac39941f5f445db0de4db2b6e01d43c"
  integrity sha512-ipHE1XBvKzm5xI7hiHCZJCSugxvsdq2mPnsq5+UF+VHCjiBvtDrlxJfMBToWaP9D5XlgNmcFGqoHmUn0EYEaRQ==
  dependencies:
    nanoid "^3.3.4"
    picocolors "^1.0.0"
    source-map-js "^1.0.2"

punycode@1.3.2:
  version "1.3.2"
  resolved "https://registry.yarnpkg.com/punycode/-/punycode-1.3.2.tgz#9653a036fb7c1ee42342f2325cceefea3926c48d"
  integrity sha1-llOgNvt8HuQjQvIyXM7v6jkmxI0=

querystring@0.2.0:
  version "0.2.0"
  resolved "https://registry.yarnpkg.com/querystring/-/querystring-0.2.0.tgz#b209849203bb25df820da756e747005878521620"
  integrity sha1-sgmEkgO7Jd+CDadW50cAWHhSFiA=

resolve@^1.22.0:
  version "1.22.1"
  resolved "https://registry.yarnpkg.com/resolve/-/resolve-1.22.1.tgz#27cb2ebb53f91abb49470a928bba7558066ac177"
  integrity sha512-nBpuuYuY5jFsli/JIs1oldw6fOQCBioohqWZg/2hiaOybXOft4lonv85uDOKXdf8rhyK159cxU5cDcK/NKk8zw==
  dependencies:
    is-core-module "^2.9.0"
    path-parse "^1.0.7"
    supports-preserve-symlinks-flag "^1.0.0"

resource-loader@^3.0.1:
  version "3.0.1"
  resolved "https://registry.yarnpkg.com/resource-loader/-/resource-loader-3.0.1.tgz#33355bb5421e2994f59454bbc7f6dbff8df06d47"
  integrity sha512-fBuCRbEHdLCI1eglzQhUv9Rrdcmqkydr1r6uHE2cYHvRBrcLXeSmbE/qI/urFt8rPr/IGxir3BUwM5kUK8XoyA==
  dependencies:
    mini-signals "^1.2.0"
    parse-uri "^1.0.0"

rollup@^2.59.0:
  version "2.78.1"
  resolved "https://registry.yarnpkg.com/rollup/-/rollup-2.78.1.tgz#52fe3934d9c83cb4f7c4cb5fb75d88591be8648f"
  integrity sha512-VeeCgtGi4P+o9hIg+xz4qQpRl6R401LWEXBmxYKOV4zlF82lyhgh2hTZnheFUbANE8l2A41F458iwj2vEYaXJg==
  optionalDependencies:
    fsevents "~2.3.2"

source-map-js@^1.0.2:
  version "1.0.2"
  resolved "https://registry.yarnpkg.com/source-map-js/-/source-map-js-1.0.2.tgz#adbc361d9c62df380125e7f161f71c826f1e490c"
  integrity sha512-R0XvVJ9WusLiqTCEiGCmICCMplcCkIwwR11mOSD9CR5u+IXYdiseeEuXCVAjS54zqwkLcPNnmU4OeJ6tUrWhDw==

source-map@^0.6.1:
  version "0.6.1"
  resolved "https://registry.yarnpkg.com/source-map/-/source-map-0.6.1.tgz#74722af32e9614e9c287a8d0bbde48b5e2f1a263"
  integrity sha512-UjgapumWlbMhkBgzT7Ykc5YXUT46F0iKu8SGXq0bcwP5dz/h0Plj6enJqjz1Zbq2l5WaqYnrVbwWOWMyF3F47g==

sourcemap-codec@^1.4.4:
  version "1.4.8"
  resolved "https://registry.yarnpkg.com/sourcemap-codec/-/sourcemap-codec-1.4.8.tgz#ea804bd94857402e6992d05a38ef1ae35a9ab4c4"
  integrity sha512-9NykojV5Uih4lgo5So5dtw+f0JgJX30KCNI8gwhz2J9A15wD0Ml6tjHKwf6fTSa6fAdVBdZeNOs9eJ71qCk8vA==

string-hash@^1.1.1:
  version "1.1.3"
  resolved "https://registry.yarnpkg.com/string-hash/-/string-hash-1.1.3.tgz#e8aafc0ac1855b4666929ed7dd1275df5d6c811b"
  integrity sha1-6Kr8CsGFW0Zmkp7X3RJ1311sgRs=

supports-color@^5.3.0:
  version "5.5.0"
  resolved "https://registry.yarnpkg.com/supports-color/-/supports-color-5.5.0.tgz#e2e69a44ac8772f78a1ec0b35b689df6530efc8f"
  integrity sha512-QjVjwdXIt408MIiAqCX4oUKsgU2EqAGzs2Ppkm4aQYbjm+ZEWEcW4SfFNTr4uMNZma0ey4f5lgLrkB0aX0QMow==
  dependencies:
    has-flag "^3.0.0"

supports-color@^6.1.0:
  version "6.1.0"
  resolved "https://registry.yarnpkg.com/supports-color/-/supports-color-6.1.0.tgz#0764abc69c63d5ac842dd4867e8d025e880df8f3"
  integrity sha512-qe1jfm1Mg7Nq/NSh6XE24gPXROEVsWHxC1LIx//XNlD9iw7YZQGjZNjYN7xGaEG6iKdA8EtNFW6R0gjnVXp+wQ==
  dependencies:
    has-flag "^3.0.0"

supports-preserve-symlinks-flag@^1.0.0:
  version "1.0.0"
  resolved "https://registry.yarnpkg.com/supports-preserve-symlinks-flag/-/supports-preserve-symlinks-flag-1.0.0.tgz#6eda4bd344a3c94aea376d4cc31bc77311039e09"
  integrity sha512-ot0WnXS9fgdkgIcePe6RHNk1WA8+muPa6cSjeR3V8K27q9BB1rTE3R1p7Hv0z1ZyAc8s6Vvv8DIyWf681MAt0w==

to-fast-properties@^2.0.0:
  version "2.0.0"
  resolved "https://registry.yarnpkg.com/to-fast-properties/-/to-fast-properties-2.0.0.tgz#dc5e698cbd079265bc73e0377681a4e4e83f616e"
  integrity sha1-3F5pjL0HkmW8c+A3doGk5Og/YW4=

uniq@^1.0.1:
  version "1.0.1"
  resolved "https://registry.yarnpkg.com/uniq/-/uniq-1.0.1.tgz#b31c5ae8254844a3a8281541ce2b04b865a734ff"
  integrity sha1-sxxa6CVIRKOoKBVBzisEuGWnNP8=

url@^0.11.0:
  version "0.11.0"
  resolved "https://registry.yarnpkg.com/url/-/url-0.11.0.tgz#3838e97cfc60521eb73c525a8e55bfdd9e2e28f1"
  integrity sha1-ODjpfPxgUh63PFJajlW/3Z4uKPE=
  dependencies:
    punycode "1.3.2"
    querystring "0.2.0"

vite@^2.9.13:
  version "2.9.13"
  resolved "https://registry.yarnpkg.com/vite/-/vite-2.9.13.tgz#859cb5d4c316c0d8c6ec9866045c0f7858ca6abc"
  integrity sha512-AsOBAaT0AD7Mhe8DuK+/kE4aWYFMx/i0ZNi98hJclxb4e0OhQcZYUrvLjIaQ8e59Ui7txcvKMiJC1yftqpQoDw==
  dependencies:
    esbuild "^0.14.27"
    postcss "^8.4.13"
    resolve "^1.22.0"
    rollup "^2.59.0"
  optionalDependencies:
    fsevents "~2.3.2"

vue@^3.0.0-rc.5:
  version "3.0.0-rc.5"
  resolved "https://registry.yarnpkg.com/vue/-/vue-3.0.0-rc.5.tgz#973175d45a892b3bd23ef5de7faa4add9c66275f"
  integrity sha512-8t8Y4sHMBGD5iLZ7JfBGmKBJlzesPoL+/nW9EV8s+4LwnKC4rGlRp+Lj2rcign4iQaj0GFaL7DrQ8IoOfVX6+w==
  dependencies:
    "@vue/compiler-dom" "3.0.0-rc.5"
    "@vue/runtime-dom" "3.0.0-rc.5"
    "@vue/shared" "3.0.0-rc.5"

webfontloader@^1.6.28:
  version "1.6.28"
  resolved "https://registry.yarnpkg.com/webfontloader/-/webfontloader-1.6.28.tgz#db786129253cb6e8eae54c2fb05f870af6675bae"
  integrity sha1-23hhKSU8tujq5UwvsF+HCvZnW64=

yallist@^3.0.2:
  version "3.1.1"
  resolved "https://registry.yarnpkg.com/yallist/-/yallist-3.1.1.tgz#dbb7daf9bfd8bac9ab45ebf602b8cbad0d5d08fd"
  integrity sha512-a4UGQaWPH59mOXUYnAG2ewncQS4i4F43Tv3JoAM+s2VDAmS9NsK8GpDMLrCHPksFT7h3K6TOoUNn2pb7RoXx4g==
